// !$*UTF8*$!
{
	archiveVersion = 1;
	classes = {
	};
	objectVersion = 52;
	objects = {

/* Begin PBXBuildFile section */
		4A4979D3266AA77800541FD7 /* ApolloCore in Frameworks */ = {isa = PBXBuildFile; productRef = 4A4979D2266AA77800541FD7 /* ApolloCore */; };
		4A4979D5266AA77800541FD7 /* ApolloSQLite in Frameworks */ = {isa = PBXBuildFile; productRef = 4A4979D4266AA77800541FD7 /* ApolloSQLite */; };
		4A4979D7266AA77800541FD7 /* ApolloWebSocket in Frameworks */ = {isa = PBXBuildFile; productRef = 4A4979D6266AA77800541FD7 /* ApolloWebSocket */; };
		4A4979D9266AA77800541FD7 /* Apollo in Frameworks */ = {isa = PBXBuildFile; productRef = 4A4979D8266AA77800541FD7 /* Apollo */; };
		4A4979DB266AA77800541FD7 /* ApolloCodegenLib in Frameworks */ = {isa = PBXBuildFile; productRef = 4A4979DA266AA77800541FD7 /* ApolloCodegenLib */; };
		4A4979E0266AAD5800541FD7 /* Network.swift in Sources */ = {isa = PBXBuildFile; fileRef = 4A4979DF266AAD5800541FD7 /* Network.swift */; };
		4A4979E2266AAE3300541FD7 /* API.swift in Sources */ = {isa = PBXBuildFile; fileRef = 4A4979E1266AAE3300541FD7 /* API.swift */; };
		4A497A07266AAFE400541FD7 /* CoreProtocols.swift in Sources */ = {isa = PBXBuildFile; fileRef = 4A4979F6266AAFE300541FD7 /* CoreProtocols.swift */; };
		4A497A08266AAFE400541FD7 /* Constants.swift in Sources */ = {isa = PBXBuildFile; fileRef = 4A4979F8266AAFE300541FD7 /* Constants.swift */; };
		4A497A13266AB7F800541FD7 /* HomeRemoteStore.swift in Sources */ = {isa = PBXBuildFile; fileRef = 4A497A12266AB7F800541FD7 /* HomeRemoteStore.swift */; };
		4A497A15266AB96E00541FD7 /* HomeUseCase.swift in Sources */ = {isa = PBXBuildFile; fileRef = 4A497A14266AB96E00541FD7 /* HomeUseCase.swift */; };
		4A497A17266ABA6800541FD7 /* HomeDataRepository.swift in Sources */ = {isa = PBXBuildFile; fileRef = 4A497A16266ABA6800541FD7 /* HomeDataRepository.swift */; };
		4A497A19266AC1FD00541FD7 /* HomeViewModel.swift in Sources */ = {isa = PBXBuildFile; fileRef = 4A497A18266AC1FD00541FD7 /* HomeViewModel.swift */; };
		4A4AB3BB2668ED0800473A81 /* AppDelegate.swift in Sources */ = {isa = PBXBuildFile; fileRef = 4A4AB3BA2668ED0800473A81 /* AppDelegate.swift */; };
		4A4AB3BD2668ED0800473A81 /* ViewController.swift in Sources */ = {isa = PBXBuildFile; fileRef = 4A4AB3BC2668ED0800473A81 /* ViewController.swift */; };
		4A4AB3C02668ED0800473A81 /* Main.storyboard in Resources */ = {isa = PBXBuildFile; fileRef = 4A4AB3BE2668ED0800473A81 /* Main.storyboard */; };
		4A4AB3C22668ED0900473A81 /* Assets.xcassets in Resources */ = {isa = PBXBuildFile; fileRef = 4A4AB3C12668ED0900473A81 /* Assets.xcassets */; };
		4A4AB3C52668ED0900473A81 /* LaunchScreen.storyboard in Resources */ = {isa = PBXBuildFile; fileRef = 4A4AB3C32668ED0900473A81 /* LaunchScreen.storyboard */; };
		4A4AB3D02668ED0900473A81 /* SpaceXTests.swift in Sources */ = {isa = PBXBuildFile; fileRef = 4A4AB3CF2668ED0900473A81 /* SpaceXTests.swift */; };
		4A4AB3DB2668ED0900473A81 /* SpaceXUITests.swift in Sources */ = {isa = PBXBuildFile; fileRef = 4A4AB3DA2668ED0900473A81 /* SpaceXUITests.swift */; };
		4A60DFEE266BBF00001F0C5C /* DynamicDataCell.swift in Sources */ = {isa = PBXBuildFile; fileRef = 4A60DFED266BBF00001F0C5C /* DynamicDataCell.swift */; };
		4A60DFF0266BC30A001F0C5C /* GridViewController.swift in Sources */ = {isa = PBXBuildFile; fileRef = 4A60DFEF266BC30A001F0C5C /* GridViewController.swift */; };
		4A60DFF2266BC7F6001F0C5C /* GridViewDataSource.swift in Sources */ = {isa = PBXBuildFile; fileRef = 4A60DFF1266BC7F6001F0C5C /* GridViewDataSource.swift */; };
		4A60DFF5266BC8AA001F0C5C /* CellConfigurator.swift in Sources */ = {isa = PBXBuildFile; fileRef = 4A60DFF4266BC8AA001F0C5C /* CellConfigurator.swift */; };
		4A60DFF7266BCE51001F0C5C /* GridViewDelegate.swift in Sources */ = {isa = PBXBuildFile; fileRef = 4A60DFF6266BCE51001F0C5C /* GridViewDelegate.swift */; };
		4A60DFFA266BD574001F0C5C /* GridViewCell.swift in Sources */ = {isa = PBXBuildFile; fileRef = 4A60DFF8266BD574001F0C5C /* GridViewCell.swift */; };
		4A60DFFB266BD574001F0C5C /* GridViewCell.xib in Resources */ = {isa = PBXBuildFile; fileRef = 4A60DFF9266BD574001F0C5C /* GridViewCell.xib */; };
		4A60DFFD266BDEF5001F0C5C /* HomeViewController.swift in Sources */ = {isa = PBXBuildFile; fileRef = 4A60DFFC266BDEF5001F0C5C /* HomeViewController.swift */; };
		54F62D5CC3D68FB2392B9645 /* Pods_SpaceXTests.framework in Frameworks */ = {isa = PBXBuildFile; fileRef = 81BDC68D8EEA443266F7E76E /* Pods_SpaceXTests.framework */; };
		C404349FC861B866E91D54DF /* Pods_SpaceX.framework in Frameworks */ = {isa = PBXBuildFile; fileRef = 3ABE7C12DA1B41C3597742C8 /* Pods_SpaceX.framework */; };
		DC8031C5590A60BC5A35A090 /* Pods_SpaceX_SpaceXUITests.framework in Frameworks */ = {isa = PBXBuildFile; fileRef = 80E23908E5B51F27FC4B2A68 /* Pods_SpaceX_SpaceXUITests.framework */; };
/* End PBXBuildFile section */

/* Begin PBXContainerItemProxy section */
		4A4AB3CC2668ED0900473A81 /* PBXContainerItemProxy */ = {
			isa = PBXContainerItemProxy;
			containerPortal = 4A4AB3AF2668ED0700473A81 /* Project object */;
			proxyType = 1;
			remoteGlobalIDString = 4A4AB3B62668ED0800473A81;
			remoteInfo = SpaceX;
		};
		4A4AB3D72668ED0900473A81 /* PBXContainerItemProxy */ = {
			isa = PBXContainerItemProxy;
			containerPortal = 4A4AB3AF2668ED0700473A81 /* Project object */;
			proxyType = 1;
			remoteGlobalIDString = 4A4AB3B62668ED0800473A81;
			remoteInfo = SpaceX;
		};
/* End PBXContainerItemProxy section */

/* Begin PBXFileReference section */
		352076F90BF1D194401A7B90 /* Pods-SpaceX.release.xcconfig */ = {isa = PBXFileReference; includeInIndex = 1; lastKnownFileType = text.xcconfig; name = "Pods-SpaceX.release.xcconfig"; path = "Target Support Files/Pods-SpaceX/Pods-SpaceX.release.xcconfig"; sourceTree = "<group>"; };
		3ABE7C12DA1B41C3597742C8 /* Pods_SpaceX.framework */ = {isa = PBXFileReference; explicitFileType = wrapper.framework; includeInIndex = 0; path = Pods_SpaceX.framework; sourceTree = BUILT_PRODUCTS_DIR; };
		3C542E23C34A5D0C58B7AE5B /* Pods-SpaceX.debug.xcconfig */ = {isa = PBXFileReference; includeInIndex = 1; lastKnownFileType = text.xcconfig; name = "Pods-SpaceX.debug.xcconfig"; path = "Target Support Files/Pods-SpaceX/Pods-SpaceX.debug.xcconfig"; sourceTree = "<group>"; };
		440C7DF987EABE316D6E33D0 /* Pods-SpaceXTests.release.xcconfig */ = {isa = PBXFileReference; includeInIndex = 1; lastKnownFileType = text.xcconfig; name = "Pods-SpaceXTests.release.xcconfig"; path = "Target Support Files/Pods-SpaceXTests/Pods-SpaceXTests.release.xcconfig"; sourceTree = "<group>"; };
		4A4979D0266AA5E400541FD7 /* LaunchList.graphql */ = {isa = PBXFileReference; lastKnownFileType = text; path = LaunchList.graphql; sourceTree = "<group>"; };
		4A4979DC266AA7F800541FD7 /* schema.json */ = {isa = PBXFileReference; lastKnownFileType = text.json; path = schema.json; sourceTree = "<group>"; };
		4A4979DF266AAD5800541FD7 /* Network.swift */ = {isa = PBXFileReference; lastKnownFileType = sourcecode.swift; path = Network.swift; sourceTree = "<group>"; };
		4A4979E1266AAE3300541FD7 /* API.swift */ = {isa = PBXFileReference; fileEncoding = 4; lastKnownFileType = sourcecode.swift; path = API.swift; sourceTree = "<group>"; };
		4A4979F6266AAFE300541FD7 /* CoreProtocols.swift */ = {isa = PBXFileReference; fileEncoding = 4; lastKnownFileType = sourcecode.swift; path = CoreProtocols.swift; sourceTree = "<group>"; };
		4A4979F8266AAFE300541FD7 /* Constants.swift */ = {isa = PBXFileReference; fileEncoding = 4; lastKnownFileType = sourcecode.swift; path = Constants.swift; sourceTree = "<group>"; };
		4A497A12266AB7F800541FD7 /* HomeRemoteStore.swift */ = {isa = PBXFileReference; lastKnownFileType = sourcecode.swift; path = HomeRemoteStore.swift; sourceTree = "<group>"; };
		4A497A14266AB96E00541FD7 /* HomeUseCase.swift */ = {isa = PBXFileReference; lastKnownFileType = sourcecode.swift; path = HomeUseCase.swift; sourceTree = "<group>"; };
		4A497A16266ABA6800541FD7 /* HomeDataRepository.swift */ = {isa = PBXFileReference; lastKnownFileType = sourcecode.swift; path = HomeDataRepository.swift; sourceTree = "<group>"; };
		4A497A18266AC1FD00541FD7 /* HomeViewModel.swift */ = {isa = PBXFileReference; lastKnownFileType = sourcecode.swift; path = HomeViewModel.swift; sourceTree = "<group>"; };
		4A4AB3B72668ED0800473A81 /* SpaceX.app */ = {isa = PBXFileReference; explicitFileType = wrapper.application; includeInIndex = 0; path = SpaceX.app; sourceTree = BUILT_PRODUCTS_DIR; };
		4A4AB3BA2668ED0800473A81 /* AppDelegate.swift */ = {isa = PBXFileReference; lastKnownFileType = sourcecode.swift; path = AppDelegate.swift; sourceTree = "<group>"; };
		4A4AB3BC2668ED0800473A81 /* ViewController.swift */ = {isa = PBXFileReference; lastKnownFileType = sourcecode.swift; path = ViewController.swift; sourceTree = "<group>"; };
		4A4AB3BF2668ED0800473A81 /* Base */ = {isa = PBXFileReference; lastKnownFileType = file.storyboard; name = Base; path = Base.lproj/Main.storyboard; sourceTree = "<group>"; };
		4A4AB3C12668ED0900473A81 /* Assets.xcassets */ = {isa = PBXFileReference; lastKnownFileType = folder.assetcatalog; path = Assets.xcassets; sourceTree = "<group>"; };
		4A4AB3C42668ED0900473A81 /* Base */ = {isa = PBXFileReference; lastKnownFileType = file.storyboard; name = Base; path = Base.lproj/LaunchScreen.storyboard; sourceTree = "<group>"; };
		4A4AB3C62668ED0900473A81 /* Info.plist */ = {isa = PBXFileReference; lastKnownFileType = text.plist.xml; path = Info.plist; sourceTree = "<group>"; };
		4A4AB3CB2668ED0900473A81 /* SpaceXTests.xctest */ = {isa = PBXFileReference; explicitFileType = wrapper.cfbundle; includeInIndex = 0; path = SpaceXTests.xctest; sourceTree = BUILT_PRODUCTS_DIR; };
		4A4AB3CF2668ED0900473A81 /* SpaceXTests.swift */ = {isa = PBXFileReference; lastKnownFileType = sourcecode.swift; path = SpaceXTests.swift; sourceTree = "<group>"; };
		4A4AB3D12668ED0900473A81 /* Info.plist */ = {isa = PBXFileReference; lastKnownFileType = text.plist.xml; path = Info.plist; sourceTree = "<group>"; };
		4A4AB3D62668ED0900473A81 /* SpaceXUITests.xctest */ = {isa = PBXFileReference; explicitFileType = wrapper.cfbundle; includeInIndex = 0; path = SpaceXUITests.xctest; sourceTree = BUILT_PRODUCTS_DIR; };
		4A4AB3DA2668ED0900473A81 /* SpaceXUITests.swift */ = {isa = PBXFileReference; lastKnownFileType = sourcecode.swift; path = SpaceXUITests.swift; sourceTree = "<group>"; };
		4A4AB3DC2668ED0900473A81 /* Info.plist */ = {isa = PBXFileReference; lastKnownFileType = text.plist.xml; path = Info.plist; sourceTree = "<group>"; };
		4A60DFED266BBF00001F0C5C /* DynamicDataCell.swift */ = {isa = PBXFileReference; lastKnownFileType = sourcecode.swift; path = DynamicDataCell.swift; sourceTree = "<group>"; };
		4A60DFEF266BC30A001F0C5C /* GridViewController.swift */ = {isa = PBXFileReference; lastKnownFileType = sourcecode.swift; path = GridViewController.swift; sourceTree = "<group>"; };
		4A60DFF1266BC7F6001F0C5C /* GridViewDataSource.swift */ = {isa = PBXFileReference; lastKnownFileType = sourcecode.swift; path = GridViewDataSource.swift; sourceTree = "<group>"; };
		4A60DFF4266BC8AA001F0C5C /* CellConfigurator.swift */ = {isa = PBXFileReference; lastKnownFileType = sourcecode.swift; path = CellConfigurator.swift; sourceTree = "<group>"; };
		4A60DFF6266BCE51001F0C5C /* GridViewDelegate.swift */ = {isa = PBXFileReference; lastKnownFileType = sourcecode.swift; path = GridViewDelegate.swift; sourceTree = "<group>"; };
		4A60DFF8266BD574001F0C5C /* GridViewCell.swift */ = {isa = PBXFileReference; lastKnownFileType = sourcecode.swift; path = GridViewCell.swift; sourceTree = "<group>"; };
		4A60DFF9266BD574001F0C5C /* GridViewCell.xib */ = {isa = PBXFileReference; lastKnownFileType = file.xib; path = GridViewCell.xib; sourceTree = "<group>"; };
		4A60DFFC266BDEF5001F0C5C /* HomeViewController.swift */ = {isa = PBXFileReference; lastKnownFileType = sourcecode.swift; path = HomeViewController.swift; sourceTree = "<group>"; };
		5A7A931664580E25E57AE81F /* Pods-SpaceXTests.debug.xcconfig */ = {isa = PBXFileReference; includeInIndex = 1; lastKnownFileType = text.xcconfig; name = "Pods-SpaceXTests.debug.xcconfig"; path = "Target Support Files/Pods-SpaceXTests/Pods-SpaceXTests.debug.xcconfig"; sourceTree = "<group>"; };
		6C4156C993A7F75F2B85674E /* Pods-SpaceX-SpaceXUITests.release.xcconfig */ = {isa = PBXFileReference; includeInIndex = 1; lastKnownFileType = text.xcconfig; name = "Pods-SpaceX-SpaceXUITests.release.xcconfig"; path = "Target Support Files/Pods-SpaceX-SpaceXUITests/Pods-SpaceX-SpaceXUITests.release.xcconfig"; sourceTree = "<group>"; };
		80E23908E5B51F27FC4B2A68 /* Pods_SpaceX_SpaceXUITests.framework */ = {isa = PBXFileReference; explicitFileType = wrapper.framework; includeInIndex = 0; path = Pods_SpaceX_SpaceXUITests.framework; sourceTree = BUILT_PRODUCTS_DIR; };
		81BDC68D8EEA443266F7E76E /* Pods_SpaceXTests.framework */ = {isa = PBXFileReference; explicitFileType = wrapper.framework; includeInIndex = 0; path = Pods_SpaceXTests.framework; sourceTree = BUILT_PRODUCTS_DIR; };
		D2097D4BEE49F8E862324826 /* Pods-SpaceX-SpaceXUITests.debug.xcconfig */ = {isa = PBXFileReference; includeInIndex = 1; lastKnownFileType = text.xcconfig; name = "Pods-SpaceX-SpaceXUITests.debug.xcconfig"; path = "Target Support Files/Pods-SpaceX-SpaceXUITests/Pods-SpaceX-SpaceXUITests.debug.xcconfig"; sourceTree = "<group>"; };
/* End PBXFileReference section */

/* Begin PBXFrameworksBuildPhase section */
		4A4AB3B42668ED0800473A81 /* Frameworks */ = {
			isa = PBXFrameworksBuildPhase;
			buildActionMask = 2147483647;
			files = (
				4A4979DB266AA77800541FD7 /* ApolloCodegenLib in Frameworks */,
				4A4979D3266AA77800541FD7 /* ApolloCore in Frameworks */,
				4A4979D9266AA77800541FD7 /* Apollo in Frameworks */,
				4A4979D7266AA77800541FD7 /* ApolloWebSocket in Frameworks */,
				4A4979D5266AA77800541FD7 /* ApolloSQLite in Frameworks */,
				C404349FC861B866E91D54DF /* Pods_SpaceX.framework in Frameworks */,
			);
			runOnlyForDeploymentPostprocessing = 0;
		};
		4A4AB3C82668ED0900473A81 /* Frameworks */ = {
			isa = PBXFrameworksBuildPhase;
			buildActionMask = 2147483647;
			files = (
				54F62D5CC3D68FB2392B9645 /* Pods_SpaceXTests.framework in Frameworks */,
			);
			runOnlyForDeploymentPostprocessing = 0;
		};
		4A4AB3D32668ED0900473A81 /* Frameworks */ = {
			isa = PBXFrameworksBuildPhase;
			buildActionMask = 2147483647;
			files = (
				DC8031C5590A60BC5A35A090 /* Pods_SpaceX_SpaceXUITests.framework in Frameworks */,
			);
			runOnlyForDeploymentPostprocessing = 0;
		};
/* End PBXFrameworksBuildPhase section */

/* Begin PBXGroup section */
		4A4979E3266AAFE300541FD7 /* Core */ = {
			isa = PBXGroup;
			children = (
				4A60DFEC266BBEE0001F0C5C /* UIComponents */,
				4A497A09266AB65E00541FD7 /* Modules */,
				4A4979E4266AAFE300541FD7 /* Network */,
				4A4979F5266AAFE300541FD7 /* Protocols */,
				4A4979F7266AAFE300541FD7 /* Utility */,
			);
			path = Core;
			sourceTree = "<group>";
		};
		4A4979E4266AAFE300541FD7 /* Network */ = {
			isa = PBXGroup;
			children = (
				4A4979DF266AAD5800541FD7 /* Network.swift */,
			);
			path = Network;
			sourceTree = "<group>";
		};
		4A4979F5266AAFE300541FD7 /* Protocols */ = {
			isa = PBXGroup;
			children = (
				4A4979F6266AAFE300541FD7 /* CoreProtocols.swift */,
			);
			path = Protocols;
			sourceTree = "<group>";
		};
		4A4979F7266AAFE300541FD7 /* Utility */ = {
			isa = PBXGroup;
			children = (
				4A4979F8266AAFE300541FD7 /* Constants.swift */,
			);
			path = Utility;
			sourceTree = "<group>";
		};
		4A497A09266AB65E00541FD7 /* Modules */ = {
			isa = PBXGroup;
			children = (
				4A497A0A266AB66800541FD7 /* HomeView */,
			);
			path = Modules;
			sourceTree = "<group>";
		};
		4A497A0A266AB66800541FD7 /* HomeView */ = {
			isa = PBXGroup;
			children = (
				4A497A0F266AB6A700541FD7 /* DataRepository */,
				4A497A0E266AB6A100541FD7 /* Domain */,
				4A497A0B266AB67700541FD7 /* Presentation */,
			);
			path = HomeView;
			sourceTree = "<group>";
		};
		4A497A0B266AB67700541FD7 /* Presentation */ = {
			isa = PBXGroup;
			children = (
				4A497A0D266AB68800541FD7 /* ViewModel */,
				4A497A0C266AB68300541FD7 /* View */,
			);
			path = Presentation;
			sourceTree = "<group>";
		};
		4A497A0C266AB68300541FD7 /* View */ = {
			isa = PBXGroup;
			children = (
				4A60DFFC266BDEF5001F0C5C /* HomeViewController.swift */,
			);
			path = View;
			sourceTree = "<group>";
		};
		4A497A0D266AB68800541FD7 /* ViewModel */ = {
			isa = PBXGroup;
			children = (
				4A497A18266AC1FD00541FD7 /* HomeViewModel.swift */,
			);
			path = ViewModel;
			sourceTree = "<group>";
		};
		4A497A0E266AB6A100541FD7 /* Domain */ = {
			isa = PBXGroup;
			children = (
				4A497A14266AB96E00541FD7 /* HomeUseCase.swift */,
			);
			path = Domain;
			sourceTree = "<group>";
		};
		4A497A0F266AB6A700541FD7 /* DataRepository */ = {
			isa = PBXGroup;
			children = (
				4A497A11266AB6C400541FD7 /* RemoteStore */,
				4A497A10266AB6BD00541FD7 /* LocalStore */,
				4A497A16266ABA6800541FD7 /* HomeDataRepository.swift */,
			);
			path = DataRepository;
			sourceTree = "<group>";
		};
		4A497A10266AB6BD00541FD7 /* LocalStore */ = {
			isa = PBXGroup;
			children = (
			);
			path = LocalStore;
			sourceTree = "<group>";
		};
		4A497A11266AB6C400541FD7 /* RemoteStore */ = {
			isa = PBXGroup;
			children = (
				4A497A12266AB7F800541FD7 /* HomeRemoteStore.swift */,
			);
			path = RemoteStore;
			sourceTree = "<group>";
		};
		4A4AB3AE2668ED0700473A81 = {
			isa = PBXGroup;
			children = (
				4A4AB3B92668ED0800473A81 /* SpaceX */,
				4A4AB3CE2668ED0900473A81 /* SpaceXTests */,
				4A4AB3D92668ED0900473A81 /* SpaceXUITests */,
				4A4AB3B82668ED0800473A81 /* Products */,
				970D639CDF4926E41F4A51EE /* Pods */,
				D8C47365BEF5C0095F8CBB1E /* Frameworks */,
			);
			sourceTree = "<group>";
		};
		4A4AB3B82668ED0800473A81 /* Products */ = {
			isa = PBXGroup;
			children = (
				4A4AB3B72668ED0800473A81 /* SpaceX.app */,
				4A4AB3CB2668ED0900473A81 /* SpaceXTests.xctest */,
				4A4AB3D62668ED0900473A81 /* SpaceXUITests.xctest */,
			);
			name = Products;
			sourceTree = "<group>";
		};
		4A4AB3B92668ED0800473A81 /* SpaceX */ = {
			isa = PBXGroup;
			children = (
				4A4979E3266AAFE300541FD7 /* Core */,
				4A4979E1266AAE3300541FD7 /* API.swift */,
				4A4979DC266AA7F800541FD7 /* schema.json */,
				4A4AB3BA2668ED0800473A81 /* AppDelegate.swift */,
				4A4AB3BC2668ED0800473A81 /* ViewController.swift */,
				4A4AB3BE2668ED0800473A81 /* Main.storyboard */,
				4A4AB3C12668ED0900473A81 /* Assets.xcassets */,
				4A4AB3C32668ED0900473A81 /* LaunchScreen.storyboard */,
				4A4AB3C62668ED0900473A81 /* Info.plist */,
				4A4979D0266AA5E400541FD7 /* LaunchList.graphql */,
			);
			path = SpaceX;
			sourceTree = "<group>";
		};
		4A4AB3CE2668ED0900473A81 /* SpaceXTests */ = {
			isa = PBXGroup;
			children = (
				4A4AB3CF2668ED0900473A81 /* SpaceXTests.swift */,
				4A4AB3D12668ED0900473A81 /* Info.plist */,
			);
			path = SpaceXTests;
			sourceTree = "<group>";
		};
		4A4AB3D92668ED0900473A81 /* SpaceXUITests */ = {
			isa = PBXGroup;
			children = (
				4A4AB3DA2668ED0900473A81 /* SpaceXUITests.swift */,
				4A4AB3DC2668ED0900473A81 /* Info.plist */,
			);
			path = SpaceXUITests;
			sourceTree = "<group>";
		};
		4A60DFEC266BBEE0001F0C5C /* UIComponents */ = {
			isa = PBXGroup;
			children = (
				4A60DFED266BBF00001F0C5C /* DynamicDataCell.swift */,
				4A60DFEF266BC30A001F0C5C /* GridViewController.swift */,
				4A60DFF1266BC7F6001F0C5C /* GridViewDataSource.swift */,
				4A60DFF4266BC8AA001F0C5C /* CellConfigurator.swift */,
				4A60DFF6266BCE51001F0C5C /* GridViewDelegate.swift */,
				4A60DFF8266BD574001F0C5C /* GridViewCell.swift */,
				4A60DFF9266BD574001F0C5C /* GridViewCell.xib */,
			);
			path = UIComponents;
			sourceTree = "<group>";
		};
		970D639CDF4926E41F4A51EE /* Pods */ = {
			isa = PBXGroup;
			children = (
				3C542E23C34A5D0C58B7AE5B /* Pods-SpaceX.debug.xcconfig */,
				352076F90BF1D194401A7B90 /* Pods-SpaceX.release.xcconfig */,
				D2097D4BEE49F8E862324826 /* Pods-SpaceX-SpaceXUITests.debug.xcconfig */,
				6C4156C993A7F75F2B85674E /* Pods-SpaceX-SpaceXUITests.release.xcconfig */,
				5A7A931664580E25E57AE81F /* Pods-SpaceXTests.debug.xcconfig */,
				440C7DF987EABE316D6E33D0 /* Pods-SpaceXTests.release.xcconfig */,
			);
			path = Pods;
			sourceTree = "<group>";
		};
		D8C47365BEF5C0095F8CBB1E /* Frameworks */ = {
			isa = PBXGroup;
			children = (
				3ABE7C12DA1B41C3597742C8 /* Pods_SpaceX.framework */,
				80E23908E5B51F27FC4B2A68 /* Pods_SpaceX_SpaceXUITests.framework */,
				81BDC68D8EEA443266F7E76E /* Pods_SpaceXTests.framework */,
			);
			name = Frameworks;
			sourceTree = "<group>";
		};
/* End PBXGroup section */

/* Begin PBXNativeTarget section */
		4A4AB3B62668ED0800473A81 /* SpaceX */ = {
			isa = PBXNativeTarget;
			buildConfigurationList = 4A4AB3DF2668ED0900473A81 /* Build configuration list for PBXNativeTarget "SpaceX" */;
			buildPhases = (
				16C9F2783078D06380AB2854 /* [CP] Check Pods Manifest.lock */,
				4A4979C3266A85FE00541FD7 /* Apollo CLI */,
				4A4AB3B32668ED0800473A81 /* Sources */,
				4A4AB3B42668ED0800473A81 /* Frameworks */,
				4A4AB3B52668ED0800473A81 /* Resources */,
				5156394724014AC530D2F714 /* [CP] Embed Pods Frameworks */,
			);
			buildRules = (
			);
			dependencies = (
			);
			name = SpaceX;
			packageProductDependencies = (
				4A4979D2266AA77800541FD7 /* ApolloCore */,
				4A4979D4266AA77800541FD7 /* ApolloSQLite */,
				4A4979D6266AA77800541FD7 /* ApolloWebSocket */,
				4A4979D8266AA77800541FD7 /* Apollo */,
				4A4979DA266AA77800541FD7 /* ApolloCodegenLib */,
			);
			productName = SpaceX;
			productReference = 4A4AB3B72668ED0800473A81 /* SpaceX.app */;
			productType = "com.apple.product-type.application";
		};
		4A4AB3CA2668ED0900473A81 /* SpaceXTests */ = {
			isa = PBXNativeTarget;
			buildConfigurationList = 4A4AB3E22668ED0900473A81 /* Build configuration list for PBXNativeTarget "SpaceXTests" */;
			buildPhases = (
				B8B7AA23CB1D464E2610B3A7 /* [CP] Check Pods Manifest.lock */,
				4A4AB3C72668ED0900473A81 /* Sources */,
				4A4AB3C82668ED0900473A81 /* Frameworks */,
				4A4AB3C92668ED0900473A81 /* Resources */,
			);
			buildRules = (
			);
			dependencies = (
				4A4AB3CD2668ED0900473A81 /* PBXTargetDependency */,
			);
			name = SpaceXTests;
			productName = SpaceXTests;
			productReference = 4A4AB3CB2668ED0900473A81 /* SpaceXTests.xctest */;
			productType = "com.apple.product-type.bundle.unit-test";
		};
		4A4AB3D52668ED0900473A81 /* SpaceXUITests */ = {
			isa = PBXNativeTarget;
			buildConfigurationList = 4A4AB3E52668ED0900473A81 /* Build configuration list for PBXNativeTarget "SpaceXUITests" */;
			buildPhases = (
				CF8C6BEEF9C0F0A79858C955 /* [CP] Check Pods Manifest.lock */,
				4A4AB3D22668ED0900473A81 /* Sources */,
				4A4AB3D32668ED0900473A81 /* Frameworks */,
				4A4AB3D42668ED0900473A81 /* Resources */,
				BE1843CC471614FBDD0A9FAF /* [CP] Embed Pods Frameworks */,
			);
			buildRules = (
			);
			dependencies = (
				4A4AB3D82668ED0900473A81 /* PBXTargetDependency */,
			);
			name = SpaceXUITests;
			productName = SpaceXUITests;
			productReference = 4A4AB3D62668ED0900473A81 /* SpaceXUITests.xctest */;
			productType = "com.apple.product-type.bundle.ui-testing";
		};
/* End PBXNativeTarget section */

/* Begin PBXProject section */
		4A4AB3AF2668ED0700473A81 /* Project object */ = {
			isa = PBXProject;
			attributes = {
				LastSwiftUpdateCheck = 1250;
				LastUpgradeCheck = 1250;
				TargetAttributes = {
					4A4AB3B62668ED0800473A81 = {
						CreatedOnToolsVersion = 12.5;
					};
					4A4AB3CA2668ED0900473A81 = {
						CreatedOnToolsVersion = 12.5;
						TestTargetID = 4A4AB3B62668ED0800473A81;
					};
					4A4AB3D52668ED0900473A81 = {
						CreatedOnToolsVersion = 12.5;
						TestTargetID = 4A4AB3B62668ED0800473A81;
					};
				};
			};
			buildConfigurationList = 4A4AB3B22668ED0700473A81 /* Build configuration list for PBXProject "SpaceX" */;
			compatibilityVersion = "Xcode 9.3";
			developmentRegion = en;
			hasScannedForEncodings = 0;
			knownRegions = (
				en,
				Base,
			);
			mainGroup = 4A4AB3AE2668ED0700473A81;
			packageReferences = (
				4A4979D1266AA77800541FD7 /* XCRemoteSwiftPackageReference "apollo-ios" */,
			);
			productRefGroup = 4A4AB3B82668ED0800473A81 /* Products */;
			projectDirPath = "";
			projectRoot = "";
			targets = (
				4A4AB3B62668ED0800473A81 /* SpaceX */,
				4A4AB3CA2668ED0900473A81 /* SpaceXTests */,
				4A4AB3D52668ED0900473A81 /* SpaceXUITests */,
			);
		};
/* End PBXProject section */

/* Begin PBXResourcesBuildPhase section */
		4A4AB3B52668ED0800473A81 /* Resources */ = {
			isa = PBXResourcesBuildPhase;
			buildActionMask = 2147483647;
			files = (
				4A4AB3C52668ED0900473A81 /* LaunchScreen.storyboard in Resources */,
				4A4AB3C22668ED0900473A81 /* Assets.xcassets in Resources */,
				4A60DFFB266BD574001F0C5C /* GridViewCell.xib in Resources */,
				4A4AB3C02668ED0800473A81 /* Main.storyboard in Resources */,
			);
			runOnlyForDeploymentPostprocessing = 0;
		};
		4A4AB3C92668ED0900473A81 /* Resources */ = {
			isa = PBXResourcesBuildPhase;
			buildActionMask = 2147483647;
			files = (
			);
			runOnlyForDeploymentPostprocessing = 0;
		};
		4A4AB3D42668ED0900473A81 /* Resources */ = {
			isa = PBXResourcesBuildPhase;
			buildActionMask = 2147483647;
			files = (
			);
			runOnlyForDeploymentPostprocessing = 0;
		};
/* End PBXResourcesBuildPhase section */

/* Begin PBXShellScriptBuildPhase section */
		16C9F2783078D06380AB2854 /* [CP] Check Pods Manifest.lock */ = {
			isa = PBXShellScriptBuildPhase;
			buildActionMask = 2147483647;
			files = (
			);
			inputFileListPaths = (
			);
			inputPaths = (
				"${PODS_PODFILE_DIR_PATH}/Podfile.lock",
				"${PODS_ROOT}/Manifest.lock",
			);
			name = "[CP] Check Pods Manifest.lock";
			outputFileListPaths = (
			);
			outputPaths = (
				"$(DERIVED_FILE_DIR)/Pods-SpaceX-checkManifestLockResult.txt",
			);
			runOnlyForDeploymentPostprocessing = 0;
			shellPath = /bin/sh;
			shellScript = "diff \"${PODS_PODFILE_DIR_PATH}/Podfile.lock\" \"${PODS_ROOT}/Manifest.lock\" > /dev/null\nif [ $? != 0 ] ; then\n    # print error to STDERR\n    echo \"error: The sandbox is not in sync with the Podfile.lock. Run 'pod install' or update your CocoaPods installation.\" >&2\n    exit 1\nfi\n# This output is used by Xcode 'outputs' to avoid re-running this script phase.\necho \"SUCCESS\" > \"${SCRIPT_OUTPUT_FILE_0}\"\n";
			showEnvVarsInLog = 0;
		};
		4A4979C3266A85FE00541FD7 /* Apollo CLI */ = {
			isa = PBXShellScriptBuildPhase;
			buildActionMask = 12;
			files = (
			);
			inputFileListPaths = (
			);
			inputPaths = (
			);
			name = "Apollo CLI";
			outputFileListPaths = (
			);
			outputPaths = (
			);
			runOnlyForDeploymentPostprocessing = 0;
			shellPath = /bin/sh;
			shellScript = "# Go to the build root and search up the chain to find the Derived Data Path where the source packages are checked out.\nDERIVED_DATA_CANDIDATE=\"${BUILD_ROOT}\"\n\nwhile ! [ -d \"${DERIVED_DATA_CANDIDATE}/SourcePackages\" ]; do\n  if [ \"${DERIVED_DATA_CANDIDATE}\" = / ]; then\n    echo >&2 \"error: Unable to locate SourcePackages directory from BUILD_ROOT: '${BUILD_ROOT}'\"\n    exit 1\n  fi\n\n  DERIVED_DATA_CANDIDATE=\"$(dirname \"${DERIVED_DATA_CANDIDATE}\")\"\ndone\n\n# Grab a reference to the directory where scripts are checked out\nSCRIPT_PATH=\"${DERIVED_DATA_CANDIDATE}/SourcePackages/checkouts/apollo-ios/scripts\"\n\nif [ -z \"${SCRIPT_PATH}\" ]; then\n    echo >&2 \"error: Couldn't find the CLI script in your checked out SPM packages; make sure to add the framework to your project.\"\n    exit 1\nfi\n\ncd \"${SRCROOT}/${TARGET_NAME}\"\n\"${SCRIPT_PATH}\"/run-bundled-codegen.sh codegen:generate --target=swift --includes=./**/*.graphql --localSchemaFile=\"schema.json\" API.swift\n#\"${SCRIPT_PATH}\"/run-bundled-codegen.sh schema:download --endpoint=\"https://api.spacex.land/graphql/\"\n";
		};
		5156394724014AC530D2F714 /* [CP] Embed Pods Frameworks */ = {
			isa = PBXShellScriptBuildPhase;
			buildActionMask = 2147483647;
			files = (
			);
			inputFileListPaths = (
				"${PODS_ROOT}/Target Support Files/Pods-SpaceX/Pods-SpaceX-frameworks-${CONFIGURATION}-input-files.xcfilelist",
			);
			name = "[CP] Embed Pods Frameworks";
			outputFileListPaths = (
				"${PODS_ROOT}/Target Support Files/Pods-SpaceX/Pods-SpaceX-frameworks-${CONFIGURATION}-output-files.xcfilelist",
			);
			runOnlyForDeploymentPostprocessing = 0;
			shellPath = /bin/sh;
			shellScript = "\"${PODS_ROOT}/Target Support Files/Pods-SpaceX/Pods-SpaceX-frameworks.sh\"\n";
			showEnvVarsInLog = 0;
		};
		B8B7AA23CB1D464E2610B3A7 /* [CP] Check Pods Manifest.lock */ = {
			isa = PBXShellScriptBuildPhase;
			buildActionMask = 2147483647;
			files = (
			);
			inputFileListPaths = (
			);
			inputPaths = (
				"${PODS_PODFILE_DIR_PATH}/Podfile.lock",
				"${PODS_ROOT}/Manifest.lock",
			);
			name = "[CP] Check Pods Manifest.lock";
			outputFileListPaths = (
			);
			outputPaths = (
				"$(DERIVED_FILE_DIR)/Pods-SpaceXTests-checkManifestLockResult.txt",
			);
			runOnlyForDeploymentPostprocessing = 0;
			shellPath = /bin/sh;
			shellScript = "diff \"${PODS_PODFILE_DIR_PATH}/Podfile.lock\" \"${PODS_ROOT}/Manifest.lock\" > /dev/null\nif [ $? != 0 ] ; then\n    # print error to STDERR\n    echo \"error: The sandbox is not in sync with the Podfile.lock. Run 'pod install' or update your CocoaPods installation.\" >&2\n    exit 1\nfi\n# This output is used by Xcode 'outputs' to avoid re-running this script phase.\necho \"SUCCESS\" > \"${SCRIPT_OUTPUT_FILE_0}\"\n";
			showEnvVarsInLog = 0;
		};
		BE1843CC471614FBDD0A9FAF /* [CP] Embed Pods Frameworks */ = {
			isa = PBXShellScriptBuildPhase;
			buildActionMask = 2147483647;
			files = (
			);
			inputFileListPaths = (
				"${PODS_ROOT}/Target Support Files/Pods-SpaceX-SpaceXUITests/Pods-SpaceX-SpaceXUITests-frameworks-${CONFIGURATION}-input-files.xcfilelist",
			);
			name = "[CP] Embed Pods Frameworks";
			outputFileListPaths = (
				"${PODS_ROOT}/Target Support Files/Pods-SpaceX-SpaceXUITests/Pods-SpaceX-SpaceXUITests-frameworks-${CONFIGURATION}-output-files.xcfilelist",
			);
			runOnlyForDeploymentPostprocessing = 0;
			shellPath = /bin/sh;
			shellScript = "\"${PODS_ROOT}/Target Support Files/Pods-SpaceX-SpaceXUITests/Pods-SpaceX-SpaceXUITests-frameworks.sh\"\n";
			showEnvVarsInLog = 0;
		};
		CF8C6BEEF9C0F0A79858C955 /* [CP] Check Pods Manifest.lock */ = {
			isa = PBXShellScriptBuildPhase;
			buildActionMask = 2147483647;
			files = (
			);
			inputFileListPaths = (
			);
			inputPaths = (
				"${PODS_PODFILE_DIR_PATH}/Podfile.lock",
				"${PODS_ROOT}/Manifest.lock",
			);
			name = "[CP] Check Pods Manifest.lock";
			outputFileListPaths = (
			);
			outputPaths = (
				"$(DERIVED_FILE_DIR)/Pods-SpaceX-SpaceXUITests-checkManifestLockResult.txt",
			);
			runOnlyForDeploymentPostprocessing = 0;
			shellPath = /bin/sh;
			shellScript = "diff \"${PODS_PODFILE_DIR_PATH}/Podfile.lock\" \"${PODS_ROOT}/Manifest.lock\" > /dev/null\nif [ $? != 0 ] ; then\n    # print error to STDERR\n    echo \"error: The sandbox is not in sync with the Podfile.lock. Run 'pod install' or update your CocoaPods installation.\" >&2\n    exit 1\nfi\n# This output is used by Xcode 'outputs' to avoid re-running this script phase.\necho \"SUCCESS\" > \"${SCRIPT_OUTPUT_FILE_0}\"\n";
			showEnvVarsInLog = 0;
		};
/* End PBXShellScriptBuildPhase section */

/* Begin PBXSourcesBuildPhase section */
		4A4AB3B32668ED0800473A81 /* Sources */ = {
			isa = PBXSourcesBuildPhase;
			buildActionMask = 2147483647;
			files = (
				4A4AB3BD2668ED0800473A81 /* ViewController.swift in Sources */,
				4A497A13266AB7F800541FD7 /* HomeRemoteStore.swift in Sources */,
				4A4979E0266AAD5800541FD7 /* Network.swift in Sources */,
				4A60DFFD266BDEF5001F0C5C /* HomeViewController.swift in Sources */,
				4A497A19266AC1FD00541FD7 /* HomeViewModel.swift in Sources */,
				4A4979E2266AAE3300541FD7 /* API.swift in Sources */,
				4A60DFF7266BCE51001F0C5C /* GridViewDelegate.swift in Sources */,
				4A497A07266AAFE400541FD7 /* CoreProtocols.swift in Sources */,
				4A4AB3BB2668ED0800473A81 /* AppDelegate.swift in Sources */,
				4A497A15266AB96E00541FD7 /* HomeUseCase.swift in Sources */,
				4A60DFF0266BC30A001F0C5C /* GridViewController.swift in Sources */,
				4A60DFF2266BC7F6001F0C5C /* GridViewDataSource.swift in Sources */,
				4A60DFEE266BBF00001F0C5C /* DynamicDataCell.swift in Sources */,
				4A497A17266ABA6800541FD7 /* HomeDataRepository.swift in Sources */,
				4A60DFF5266BC8AA001F0C5C /* CellConfigurator.swift in Sources */,
				4A60DFFA266BD574001F0C5C /* GridViewCell.swift in Sources */,
				4A497A08266AAFE400541FD7 /* Constants.swift in Sources */,
			);
			runOnlyForDeploymentPostprocessing = 0;
		};
		4A4AB3C72668ED0900473A81 /* Sources */ = {
			isa = PBXSourcesBuildPhase;
			buildActionMask = 2147483647;
			files = (
				4A4AB3D02668ED0900473A81 /* SpaceXTests.swift in Sources */,
			);
			runOnlyForDeploymentPostprocessing = 0;
		};
		4A4AB3D22668ED0900473A81 /* Sources */ = {
			isa = PBXSourcesBuildPhase;
			buildActionMask = 2147483647;
			files = (
				4A4AB3DB2668ED0900473A81 /* SpaceXUITests.swift in Sources */,
			);
			runOnlyForDeploymentPostprocessing = 0;
		};
/* End PBXSourcesBuildPhase section */

/* Begin PBXTargetDependency section */
		4A4AB3CD2668ED0900473A81 /* PBXTargetDependency */ = {
			isa = PBXTargetDependency;
			target = 4A4AB3B62668ED0800473A81 /* SpaceX */;
			targetProxy = 4A4AB3CC2668ED0900473A81 /* PBXContainerItemProxy */;
		};
		4A4AB3D82668ED0900473A81 /* PBXTargetDependency */ = {
			isa = PBXTargetDependency;
			target = 4A4AB3B62668ED0800473A81 /* SpaceX */;
			targetProxy = 4A4AB3D72668ED0900473A81 /* PBXContainerItemProxy */;
		};
/* End PBXTargetDependency section */

/* Begin PBXVariantGroup section */
		4A4AB3BE2668ED0800473A81 /* Main.storyboard */ = {
			isa = PBXVariantGroup;
			children = (
				4A4AB3BF2668ED0800473A81 /* Base */,
			);
			name = Main.storyboard;
			sourceTree = "<group>";
		};
		4A4AB3C32668ED0900473A81 /* LaunchScreen.storyboard */ = {
			isa = PBXVariantGroup;
			children = (
				4A4AB3C42668ED0900473A81 /* Base */,
			);
			name = LaunchScreen.storyboard;
			sourceTree = "<group>";
		};
/* End PBXVariantGroup section */

/* Begin XCBuildConfiguration section */
		4A4AB3DD2668ED0900473A81 /* Debug */ = {
			isa = XCBuildConfiguration;
			buildSettings = {
				ALWAYS_SEARCH_USER_PATHS = NO;
				CLANG_ANALYZER_NONNULL = YES;
				CLANG_ANALYZER_NUMBER_OBJECT_CONVERSION = YES_AGGRESSIVE;
				CLANG_CXX_LANGUAGE_STANDARD = "gnu++14";
				CLANG_CXX_LIBRARY = "libc++";
				CLANG_ENABLE_MODULES = YES;
				CLANG_ENABLE_OBJC_ARC = YES;
				CLANG_ENABLE_OBJC_WEAK = YES;
				CLANG_WARN_BLOCK_CAPTURE_AUTORELEASING = YES;
				CLANG_WARN_BOOL_CONVERSION = YES;
				CLANG_WARN_COMMA = YES;
				CLANG_WARN_CONSTANT_CONVERSION = YES;
				CLANG_WARN_DEPRECATED_OBJC_IMPLEMENTATIONS = YES;
				CLANG_WARN_DIRECT_OBJC_ISA_USAGE = YES_ERROR;
				CLANG_WARN_DOCUMENTATION_COMMENTS = YES;
				CLANG_WARN_EMPTY_BODY = YES;
				CLANG_WARN_ENUM_CONVERSION = YES;
				CLANG_WARN_INFINITE_RECURSION = YES;
				CLANG_WARN_INT_CONVERSION = YES;
				CLANG_WARN_NON_LITERAL_NULL_CONVERSION = YES;
				CLANG_WARN_OBJC_IMPLICIT_RETAIN_SELF = YES;
				CLANG_WARN_OBJC_LITERAL_CONVERSION = YES;
				CLANG_WARN_OBJC_ROOT_CLASS = YES_ERROR;
				CLANG_WARN_QUOTED_INCLUDE_IN_FRAMEWORK_HEADER = YES;
				CLANG_WARN_RANGE_LOOP_ANALYSIS = YES;
				CLANG_WARN_STRICT_PROTOTYPES = YES;
				CLANG_WARN_SUSPICIOUS_MOVE = YES;
				CLANG_WARN_UNGUARDED_AVAILABILITY = YES_AGGRESSIVE;
				CLANG_WARN_UNREACHABLE_CODE = YES;
				CLANG_WARN__DUPLICATE_METHOD_MATCH = YES;
				COPY_PHASE_STRIP = NO;
				DEBUG_INFORMATION_FORMAT = dwarf;
				ENABLE_STRICT_OBJC_MSGSEND = YES;
				ENABLE_TESTABILITY = YES;
				GCC_C_LANGUAGE_STANDARD = gnu11;
				GCC_DYNAMIC_NO_PIC = NO;
				GCC_NO_COMMON_BLOCKS = YES;
				GCC_OPTIMIZATION_LEVEL = 0;
				GCC_PREPROCESSOR_DEFINITIONS = (
					"DEBUG=1",
					"$(inherited)",
				);
				GCC_WARN_64_TO_32_BIT_CONVERSION = YES;
				GCC_WARN_ABOUT_RETURN_TYPE = YES_ERROR;
				GCC_WARN_UNDECLARED_SELECTOR = YES;
				GCC_WARN_UNINITIALIZED_AUTOS = YES_AGGRESSIVE;
				GCC_WARN_UNUSED_FUNCTION = YES;
				GCC_WARN_UNUSED_VARIABLE = YES;
				MTL_ENABLE_DEBUG_INFO = INCLUDE_SOURCE;
				MTL_FAST_MATH = YES;
				ONLY_ACTIVE_ARCH = YES;
				SDKROOT = appletvos;
				SWIFT_ACTIVE_COMPILATION_CONDITIONS = DEBUG;
				SWIFT_OPTIMIZATION_LEVEL = "-Onone";
				TVOS_DEPLOYMENT_TARGET = 14.5;
			};
			name = Debug;
		};
		4A4AB3DE2668ED0900473A81 /* Release */ = {
			isa = XCBuildConfiguration;
			buildSettings = {
				ALWAYS_SEARCH_USER_PATHS = NO;
				CLANG_ANALYZER_NONNULL = YES;
				CLANG_ANALYZER_NUMBER_OBJECT_CONVERSION = YES_AGGRESSIVE;
				CLANG_CXX_LANGUAGE_STANDARD = "gnu++14";
				CLANG_CXX_LIBRARY = "libc++";
				CLANG_ENABLE_MODULES = YES;
				CLANG_ENABLE_OBJC_ARC = YES;
				CLANG_ENABLE_OBJC_WEAK = YES;
				CLANG_WARN_BLOCK_CAPTURE_AUTORELEASING = YES;
				CLANG_WARN_BOOL_CONVERSION = YES;
				CLANG_WARN_COMMA = YES;
				CLANG_WARN_CONSTANT_CONVERSION = YES;
				CLANG_WARN_DEPRECATED_OBJC_IMPLEMENTATIONS = YES;
				CLANG_WARN_DIRECT_OBJC_ISA_USAGE = YES_ERROR;
				CLANG_WARN_DOCUMENTATION_COMMENTS = YES;
				CLANG_WARN_EMPTY_BODY = YES;
				CLANG_WARN_ENUM_CONVERSION = YES;
				CLANG_WARN_INFINITE_RECURSION = YES;
				CLANG_WARN_INT_CONVERSION = YES;
				CLANG_WARN_NON_LITERAL_NULL_CONVERSION = YES;
				CLANG_WARN_OBJC_IMPLICIT_RETAIN_SELF = YES;
				CLANG_WARN_OBJC_LITERAL_CONVERSION = YES;
				CLANG_WARN_OBJC_ROOT_CLASS = YES_ERROR;
				CLANG_WARN_QUOTED_INCLUDE_IN_FRAMEWORK_HEADER = YES;
				CLANG_WARN_RANGE_LOOP_ANALYSIS = YES;
				CLANG_WARN_STRICT_PROTOTYPES = YES;
				CLANG_WARN_SUSPICIOUS_MOVE = YES;
				CLANG_WARN_UNGUARDED_AVAILABILITY = YES_AGGRESSIVE;
				CLANG_WARN_UNREACHABLE_CODE = YES;
				CLANG_WARN__DUPLICATE_METHOD_MATCH = YES;
				COPY_PHASE_STRIP = NO;
				DEBUG_INFORMATION_FORMAT = "dwarf-with-dsym";
				ENABLE_NS_ASSERTIONS = NO;
				ENABLE_STRICT_OBJC_MSGSEND = YES;
				GCC_C_LANGUAGE_STANDARD = gnu11;
				GCC_NO_COMMON_BLOCKS = YES;
				GCC_WARN_64_TO_32_BIT_CONVERSION = YES;
				GCC_WARN_ABOUT_RETURN_TYPE = YES_ERROR;
				GCC_WARN_UNDECLARED_SELECTOR = YES;
				GCC_WARN_UNINITIALIZED_AUTOS = YES_AGGRESSIVE;
				GCC_WARN_UNUSED_FUNCTION = YES;
				GCC_WARN_UNUSED_VARIABLE = YES;
				MTL_ENABLE_DEBUG_INFO = NO;
				MTL_FAST_MATH = YES;
				SDKROOT = appletvos;
				SWIFT_COMPILATION_MODE = wholemodule;
				SWIFT_OPTIMIZATION_LEVEL = "-O";
				TVOS_DEPLOYMENT_TARGET = 14.5;
				VALIDATE_PRODUCT = YES;
			};
			name = Release;
		};
		4A4AB3E02668ED0900473A81 /* Debug */ = {
			isa = XCBuildConfiguration;
			baseConfigurationReference = 3C542E23C34A5D0C58B7AE5B /* Pods-SpaceX.debug.xcconfig */;
			buildSettings = {
				ASSETCATALOG_COMPILER_APPICON_NAME = "App Icon & Top Shelf Image";
				ASSETCATALOG_COMPILER_GLOBAL_ACCENT_COLOR_NAME = AccentColor;
				CODE_SIGN_STYLE = Automatic;
				DEVELOPMENT_TEAM = ZERKW39Q77;
				INFOPLIST_FILE = SpaceX/Info.plist;
				LD_RUNPATH_SEARCH_PATHS = (
					"$(inherited)",
					"@executable_path/Frameworks",
				);
				PRODUCT_BUNDLE_IDENTIFIER = com.pratheesh.coordinator.SpaceX;
				PRODUCT_NAME = "$(TARGET_NAME)";
				SWIFT_VERSION = 5.0;
				TARGETED_DEVICE_FAMILY = 3;
			};
			name = Debug;
		};
		4A4AB3E12668ED0900473A81 /* Release */ = {
			isa = XCBuildConfiguration;
			baseConfigurationReference = 352076F90BF1D194401A7B90 /* Pods-SpaceX.release.xcconfig */;
			buildSettings = {
				ASSETCATALOG_COMPILER_APPICON_NAME = "App Icon & Top Shelf Image";
				ASSETCATALOG_COMPILER_GLOBAL_ACCENT_COLOR_NAME = AccentColor;
				CODE_SIGN_STYLE = Automatic;
				DEVELOPMENT_TEAM = ZERKW39Q77;
				INFOPLIST_FILE = SpaceX/Info.plist;
				LD_RUNPATH_SEARCH_PATHS = (
					"$(inherited)",
					"@executable_path/Frameworks",
				);
				PRODUCT_BUNDLE_IDENTIFIER = com.pratheesh.coordinator.SpaceX;
				PRODUCT_NAME = "$(TARGET_NAME)";
				SWIFT_VERSION = 5.0;
				TARGETED_DEVICE_FAMILY = 3;
			};
			name = Release;
		};
		4A4AB3E32668ED0900473A81 /* Debug */ = {
			isa = XCBuildConfiguration;
			baseConfigurationReference = 5A7A931664580E25E57AE81F /* Pods-SpaceXTests.debug.xcconfig */;
			buildSettings = {
				ALWAYS_EMBED_SWIFT_STANDARD_LIBRARIES = YES;
				BUNDLE_LOADER = "$(TEST_HOST)";
				CODE_SIGN_STYLE = Automatic;
				DEVELOPMENT_TEAM = ZERKW39Q77;
				INFOPLIST_FILE = SpaceXTests/Info.plist;
				LD_RUNPATH_SEARCH_PATHS = (
					"$(inherited)",
					"@executable_path/Frameworks",
					"@loader_path/Frameworks",
				);
				PRODUCT_BUNDLE_IDENTIFIER = com.pratheesh.coordinator.SpaceXTests;
				PRODUCT_NAME = "$(TARGET_NAME)";
				SWIFT_VERSION = 5.0;
				TARGETED_DEVICE_FAMILY = 3;
				TEST_HOST = "$(BUILT_PRODUCTS_DIR)/SpaceX.app/SpaceX";
				TVOS_DEPLOYMENT_TARGET = 14.5;
			};
			name = Debug;
		};
		4A4AB3E42668ED0900473A81 /* Release */ = {
			isa = XCBuildConfiguration;
			baseConfigurationReference = 440C7DF987EABE316D6E33D0 /* Pods-SpaceXTests.release.xcconfig */;
			buildSettings = {
				ALWAYS_EMBED_SWIFT_STANDARD_LIBRARIES = YES;
				BUNDLE_LOADER = "$(TEST_HOST)";
				CODE_SIGN_STYLE = Automatic;
				DEVELOPMENT_TEAM = ZERKW39Q77;
				INFOPLIST_FILE = SpaceXTests/Info.plist;
				LD_RUNPATH_SEARCH_PATHS = (
					"$(inherited)",
					"@executable_path/Frameworks",
					"@loader_path/Frameworks",
				);
				PRODUCT_BUNDLE_IDENTIFIER = com.pratheesh.coordinator.SpaceXTests;
				PRODUCT_NAME = "$(TARGET_NAME)";
				SWIFT_VERSION = 5.0;
				TARGETED_DEVICE_FAMILY = 3;
				TEST_HOST = "$(BUILT_PRODUCTS_DIR)/SpaceX.app/SpaceX";
				TVOS_DEPLOYMENT_TARGET = 14.5;
			};
			name = Release;
		};
		4A4AB3E62668ED0900473A81 /* Debug */ = {
			isa = XCBuildConfiguration;
			baseConfigurationReference = D2097D4BEE49F8E862324826 /* Pods-SpaceX-SpaceXUITests.debug.xcconfig */;
			buildSettings = {
				ALWAYS_EMBED_SWIFT_STANDARD_LIBRARIES = YES;
				CODE_SIGN_STYLE = Automatic;
				DEVELOPMENT_TEAM = ZERKW39Q77;
				INFOPLIST_FILE = SpaceXUITests/Info.plist;
				LD_RUNPATH_SEARCH_PATHS = (
					"$(inherited)",
					"@executable_path/Frameworks",
					"@loader_path/Frameworks",
				);
				PRODUCT_BUNDLE_IDENTIFIER = com.pratheesh.coordinator.SpaceXUITests;
				PRODUCT_NAME = "$(TARGET_NAME)";
				SWIFT_VERSION = 5.0;
				TARGETED_DEVICE_FAMILY = 3;
				TEST_TARGET_NAME = SpaceX;
			};
			name = Debug;
		};
		4A4AB3E72668ED0900473A81 /* Release */ = {
			isa = XCBuildConfiguration;
			baseConfigurationReference = 6C4156C993A7F75F2B85674E /* Pods-SpaceX-SpaceXUITests.release.xcconfig */;
			buildSettings = {
				ALWAYS_EMBED_SWIFT_STANDARD_LIBRARIES = YES;
				CODE_SIGN_STYLE = Automatic;
				DEVELOPMENT_TEAM = ZERKW39Q77;
				INFOPLIST_FILE = SpaceXUITests/Info.plist;
				LD_RUNPATH_SEARCH_PATHS = (
					"$(inherited)",
					"@executable_path/Frameworks",
					"@loader_path/Frameworks",
				);
				PRODUCT_BUNDLE_IDENTIFIER = com.pratheesh.coordinator.SpaceXUITests;
				PRODUCT_NAME = "$(TARGET_NAME)";
				SWIFT_VERSION = 5.0;
				TARGETED_DEVICE_FAMILY = 3;
				TEST_TARGET_NAME = SpaceX;
			};
			name = Release;
		};
/* End XCBuildConfiguration section */

/* Begin XCConfigurationList section */
		4A4AB3B22668ED0700473A81 /* Build configuration list for PBXProject "SpaceX" */ = {
			isa = XCConfigurationList;
			buildConfigurations = (
				4A4AB3DD2668ED0900473A81 /* Debug */,
				4A4AB3DE2668ED0900473A81 /* Release */,
			);
			defaultConfigurationIsVisible = 0;
			defaultConfigurationName = Release;
		};
		4A4AB3DF2668ED0900473A81 /* Build configuration list for PBXNativeTarget "SpaceX" */ = {
			isa = XCConfigurationList;
			buildConfigurations = (
				4A4AB3E02668ED0900473A81 /* Debug */,
				4A4AB3E12668ED0900473A81 /* Release */,
			);
			defaultConfigurationIsVisible = 0;
			defaultConfigurationName = Release;
		};
		4A4AB3E22668ED0900473A81 /* Build configuration list for PBXNativeTarget "SpaceXTests" */ = {
			isa = XCConfigurationList;
			buildConfigurations = (
				4A4AB3E32668ED0900473A81 /* Debug */,
				4A4AB3E42668ED0900473A81 /* Release */,
			);
			defaultConfigurationIsVisible = 0;
			defaultConfigurationName = Release;
		};
		4A4AB3E52668ED0900473A81 /* Build configuration list for PBXNativeTarget "SpaceXUITests" */ = {
			isa = XCConfigurationList;
			buildConfigurations = (
				4A4AB3E62668ED0900473A81 /* Debug */,
				4A4AB3E72668ED0900473A81 /* Release */,
			);
			defaultConfigurationIsVisible = 0;
			defaultConfigurationName = Release;
		};
/* End XCConfigurationList section */

/* Begin XCRemoteSwiftPackageReference section */
		4A4979D1266AA77800541FD7 /* XCRemoteSwiftPackageReference "apollo-ios" */ = {
			isa = XCRemoteSwiftPackageReference;
			repositoryURL = "https://github.com/apollographql/apollo-ios.git";
			requirement = {
				kind = upToNextMinorVersion;
				minimumVersion = 0.43.0;
			};
		};
/* End XCRemoteSwiftPackageReference section */

/* Begin XCSwiftPackageProductDependency section */
		4A4979D2266AA77800541FD7 /* ApolloCore */ = {
			isa = XCSwiftPackageProductDependency;
			package = 4A4979D1266AA77800541FD7 /* XCRemoteSwiftPackageReference "apollo-ios" */;
			productName = ApolloCore;
		};
		4A4979D4266AA77800541FD7 /* ApolloSQLite */ = {
			isa = XCSwiftPackageProductDependency;
			package = 4A4979D1266AA77800541FD7 /* XCRemoteSwiftPackageReference "apollo-ios" */;
			productName = ApolloSQLite;
		};
		4A4979D6266AA77800541FD7 /* ApolloWebSocket */ = {
			isa = XCSwiftPackageProductDependency;
			package = 4A4979D1266AA77800541FD7 /* XCRemoteSwiftPackageReference "apollo-ios" */;
			productName = ApolloWebSocket;
		};
		4A4979D8266AA77800541FD7 /* Apollo */ = {
			isa = XCSwiftPackageProductDependency;
			package = 4A4979D1266AA77800541FD7 /* XCRemoteSwiftPackageReference "apollo-ios" */;
			productName = Apollo;
		};
		4A4979DA266AA77800541FD7 /* ApolloCodegenLib */ = {
			isa = XCSwiftPackageProductDependency;
			package = 4A4979D1266AA77800541FD7 /* XCRemoteSwiftPackageReference "apollo-ios" */;
			productName = ApolloCodegenLib;
		};
/* End XCSwiftPackageProductDependency section */
	};
	rootObject = 4A4AB3AF2668ED0700473A81 /* Project object */;
}
